// !$*UTF8*$!
{
	archiveVersion = 1;
	classes = {
	};
	objectVersion = 56;
	objects = {

/* Begin PBXBuildFile section */
		679ADF86AA59F9AB96AC9278 /* Pods_VKCupMobileQual.framework in Frameworks */ = {isa = PBXBuildFile; fileRef = 7888E5C6C09FB518850F403D /* Pods_VKCupMobileQual.framework */; };
		FE21C347293F9036001B5032 /* SF-Pro-Text-Regular.otf in Resources */ = {isa = PBXBuildFile; fileRef = FE21C344293F9027001B5032 /* SF-Pro-Text-Regular.otf */; };
		FE21C348293F9039001B5032 /* SF-Pro-Text-Semibold.otf in Resources */ = {isa = PBXBuildFile; fileRef = FE21C345293F9027001B5032 /* SF-Pro-Text-Semibold.otf */; };
		FE5922422940EE300083C343 /* TopicsCollectionViewCell.swift in Sources */ = {isa = PBXBuildFile; fileRef = FE5922402940EE300083C343 /* TopicsCollectionViewCell.swift */; };
		FE5922432940EE300083C343 /* TopicsCollectionViewCell.xib in Resources */ = {isa = PBXBuildFile; fileRef = FE5922412940EE300083C343 /* TopicsCollectionViewCell.xib */; };
		FE5922472940FD780083C343 /* Assets.xcassets in Resources */ = {isa = PBXBuildFile; fileRef = FE5922462940FD780083C343 /* Assets.xcassets */; };
		FE5A5C46293F80F50060CF3B /* AppDelegate.swift in Sources */ = {isa = PBXBuildFile; fileRef = FE5A5C45293F80F50060CF3B /* AppDelegate.swift */; };
		FE5A5C48293F80F50060CF3B /* SceneDelegate.swift in Sources */ = {isa = PBXBuildFile; fileRef = FE5A5C47293F80F50060CF3B /* SceneDelegate.swift */; };
		FE5A5C4A293F80F50060CF3B /* TopicsViewController.swift in Sources */ = {isa = PBXBuildFile; fileRef = FE5A5C49293F80F50060CF3B /* TopicsViewController.swift */; };
		FE5A5C4D293F80F50060CF3B /* Main.storyboard in Resources */ = {isa = PBXBuildFile; fileRef = FE5A5C4B293F80F50060CF3B /* Main.storyboard */; };
		FE5A5C52293F80F60060CF3B /* LaunchScreen.storyboard in Resources */ = {isa = PBXBuildFile; fileRef = FE5A5C50293F80F60060CF3B /* LaunchScreen.storyboard */; };
/* End PBXBuildFile section */

/* Begin PBXFileReference section */
		5C9F25B56EB11352B751EBAC /* Pods-VKCupMobileQual.release.xcconfig */ = {isa = PBXFileReference; includeInIndex = 1; lastKnownFileType = text.xcconfig; name = "Pods-VKCupMobileQual.release.xcconfig"; path = "Target Support Files/Pods-VKCupMobileQual/Pods-VKCupMobileQual.release.xcconfig"; sourceTree = "<group>"; };
		7888E5C6C09FB518850F403D /* Pods_VKCupMobileQual.framework */ = {isa = PBXFileReference; explicitFileType = wrapper.framework; includeInIndex = 0; path = Pods_VKCupMobileQual.framework; sourceTree = BUILT_PRODUCTS_DIR; };
		F78E2520D3E2FDCE6274ED87 /* Pods-VKCupMobileQual.debug.xcconfig */ = {isa = PBXFileReference; includeInIndex = 1; lastKnownFileType = text.xcconfig; name = "Pods-VKCupMobileQual.debug.xcconfig"; path = "Target Support Files/Pods-VKCupMobileQual/Pods-VKCupMobileQual.debug.xcconfig"; sourceTree = "<group>"; };
		FE21C344293F9027001B5032 /* SF-Pro-Text-Regular.otf */ = {isa = PBXFileReference; lastKnownFileType = file; path = "SF-Pro-Text-Regular.otf"; sourceTree = "<group>"; };
		FE21C345293F9027001B5032 /* SF-Pro-Text-Semibold.otf */ = {isa = PBXFileReference; lastKnownFileType = file; path = "SF-Pro-Text-Semibold.otf"; sourceTree = "<group>"; };
		FE5922402940EE300083C343 /* TopicsCollectionViewCell.swift */ = {isa = PBXFileReference; lastKnownFileType = sourcecode.swift; path = TopicsCollectionViewCell.swift; sourceTree = "<group>"; };
		FE5922412940EE300083C343 /* TopicsCollectionViewCell.xib */ = {isa = PBXFileReference; lastKnownFileType = file.xib; path = TopicsCollectionViewCell.xib; sourceTree = "<group>"; };
		FE5922462940FD780083C343 /* Assets.xcassets */ = {isa = PBXFileReference; lastKnownFileType = folder.assetcatalog; path = Assets.xcassets; sourceTree = "<group>"; };
		FE5A5C42293F80F50060CF3B /* VKCupMobileQual.app */ = {isa = PBXFileReference; explicitFileType = wrapper.application; includeInIndex = 0; path = VKCupMobileQual.app; sourceTree = BUILT_PRODUCTS_DIR; };
		FE5A5C45293F80F50060CF3B /* AppDelegate.swift */ = {isa = PBXFileReference; lastKnownFileType = sourcecode.swift; path = AppDelegate.swift; sourceTree = "<group>"; };
		FE5A5C47293F80F50060CF3B /* SceneDelegate.swift */ = {isa = PBXFileReference; lastKnownFileType = sourcecode.swift; path = SceneDelegate.swift; sourceTree = "<group>"; };
		FE5A5C49293F80F50060CF3B /* TopicsViewController.swift */ = {isa = PBXFileReference; lastKnownFileType = sourcecode.swift; path = TopicsViewController.swift; sourceTree = "<group>"; };
		FE5A5C4C293F80F50060CF3B /* Base */ = {isa = PBXFileReference; lastKnownFileType = file.storyboard; name = Base; path = Base.lproj/Main.storyboard; sourceTree = "<group>"; };
		FE5A5C51293F80F60060CF3B /* Base */ = {isa = PBXFileReference; lastKnownFileType = file.storyboard; name = Base; path = Base.lproj/LaunchScreen.storyboard; sourceTree = "<group>"; };
		FE5A5C53293F80F60060CF3B /* Info.plist */ = {isa = PBXFileReference; lastKnownFileType = text.plist.xml; path = Info.plist; sourceTree = "<group>"; };
/* End PBXFileReference section */

/* Begin PBXFrameworksBuildPhase section */
		FE5A5C3F293F80F50060CF3B /* Frameworks */ = {
			isa = PBXFrameworksBuildPhase;
			buildActionMask = 2147483647;
			files = (
				679ADF86AA59F9AB96AC9278 /* Pods_VKCupMobileQual.framework in Frameworks */,
			);
			runOnlyForDeploymentPostprocessing = 0;
		};
/* End PBXFrameworksBuildPhase section */

/* Begin PBXGroup section */
		1EEE985F00F4FEAA655BAE77 /* Pods */ = {
			isa = PBXGroup;
			children = (
				F78E2520D3E2FDCE6274ED87 /* Pods-VKCupMobileQual.debug.xcconfig */,
				5C9F25B56EB11352B751EBAC /* Pods-VKCupMobileQual.release.xcconfig */,
			);
			path = Pods;
			sourceTree = "<group>";
		};
		ED8149E9195C391D3F55ACEF /* Frameworks */ = {
			isa = PBXGroup;
			children = (
				7888E5C6C09FB518850F403D /* Pods_VKCupMobileQual.framework */,
			);
			name = Frameworks;
			sourceTree = "<group>";
		};
		FE21C346293F902C001B5032 /* Fonts */ = {
			isa = PBXGroup;
			children = (
				FE21C344293F9027001B5032 /* SF-Pro-Text-Regular.otf */,
				FE21C345293F9027001B5032 /* SF-Pro-Text-Semibold.otf */,
			);
			path = Fonts;
			sourceTree = "<group>";
		};
		FE5922442940EE3B0083C343 /* CollectionViewCell */ = {
			isa = PBXGroup;
			children = (
				FE5922402940EE300083C343 /* TopicsCollectionViewCell.swift */,
				FE5922412940EE300083C343 /* TopicsCollectionViewCell.xib */,
			);
			path = CollectionViewCell;
			sourceTree = "<group>";
		};
		FE5922452940EE560083C343 /* Topics */ = {
			isa = PBXGroup;
			children = (
				FE5A5C49293F80F50060CF3B /* TopicsViewController.swift */,
				FE5922442940EE3B0083C343 /* CollectionViewCell */,
			);
			path = Topics;
			sourceTree = "<group>";
		};
		FE5A5C39293F80F50060CF3B = {
			isa = PBXGroup;
			children = (
				FE5A5C44293F80F50060CF3B /* VKCupMobileQual */,
				FE5A5C43293F80F50060CF3B /* Products */,
				1EEE985F00F4FEAA655BAE77 /* Pods */,
				ED8149E9195C391D3F55ACEF /* Frameworks */,
			);
			sourceTree = "<group>";
		};
		FE5A5C43293F80F50060CF3B /* Products */ = {
			isa = PBXGroup;
			children = (
				FE5A5C42293F80F50060CF3B /* VKCupMobileQual.app */,
			);
			name = Products;
			sourceTree = "<group>";
		};
		FE5A5C44293F80F50060CF3B /* VKCupMobileQual */ = {
			isa = PBXGroup;
			children = (
				FE5A5C59293F81ED0060CF3B /* Delegares */,
				FE5922452940EE560083C343 /* Topics */,
				FE5A5C4B293F80F50060CF3B /* Main.storyboard */,
				FE5A5C50293F80F60060CF3B /* LaunchScreen.storyboard */,
				FE5A5C53293F80F60060CF3B /* Info.plist */,
				FE5922462940FD780083C343 /* Assets.xcassets */,
				FE21C346293F902C001B5032 /* Fonts */,
			);
			path = VKCupMobileQual;
			sourceTree = "<group>";
		};
		FE5A5C59293F81ED0060CF3B /* Delegares */ = {
			isa = PBXGroup;
			children = (
				FE5A5C45293F80F50060CF3B /* AppDelegate.swift */,
				FE5A5C47293F80F50060CF3B /* SceneDelegate.swift */,
			);
			path = Delegares;
			sourceTree = "<group>";
		};
/* End PBXGroup section */

/* Begin PBXNativeTarget section */
		FE5A5C41293F80F50060CF3B /* VKCupMobileQual */ = {
			isa = PBXNativeTarget;
			buildConfigurationList = FE5A5C56293F80F60060CF3B /* Build configuration list for PBXNativeTarget "VKCupMobileQual" */;
			buildPhases = (
				80FA766EED4CC83B92268888 /* [CP] Check Pods Manifest.lock */,
				FE5A5C3E293F80F50060CF3B /* Sources */,
				FE5A5C3F293F80F50060CF3B /* Frameworks */,
				FE5A5C40293F80F50060CF3B /* Resources */,
				4842224A548585B729F34537 /* [CP] Embed Pods Frameworks */,
			);
			buildRules = (
			);
			dependencies = (
			);
			name = VKCupMobileQual;
			productName = VKCupMobileQual;
			productReference = FE5A5C42293F80F50060CF3B /* VKCupMobileQual.app */;
			productType = "com.apple.product-type.application";
		};
/* End PBXNativeTarget section */

/* Begin PBXProject section */
		FE5A5C3A293F80F50060CF3B /* Project object */ = {
			isa = PBXProject;
			attributes = {
				BuildIndependentTargetsInParallel = 1;
				LastSwiftUpdateCheck = 1410;
				LastUpgradeCheck = 1410;
				TargetAttributes = {
					FE5A5C41293F80F50060CF3B = {
						CreatedOnToolsVersion = 14.1;
					};
				};
			};
			buildConfigurationList = FE5A5C3D293F80F50060CF3B /* Build configuration list for PBXProject "VKCupMobileQual" */;
			compatibilityVersion = "Xcode 14.0";
			developmentRegion = en;
			hasScannedForEncodings = 0;
			knownRegions = (
				en,
				Base,
			);
			mainGroup = FE5A5C39293F80F50060CF3B;
			productRefGroup = FE5A5C43293F80F50060CF3B /* Products */;
			projectDirPath = "";
			projectRoot = "";
			targets = (
				FE5A5C41293F80F50060CF3B /* VKCupMobileQual */,
			);
		};
/* End PBXProject section */

/* Begin PBXResourcesBuildPhase section */
		FE5A5C40293F80F50060CF3B /* Resources */ = {
			isa = PBXResourcesBuildPhase;
			buildActionMask = 2147483647;
			files = (
				FE5A5C52293F80F60060CF3B /* LaunchScreen.storyboard in Resources */,
				FE5922432940EE300083C343 /* TopicsCollectionViewCell.xib in Resources */,
				FE21C348293F9039001B5032 /* SF-Pro-Text-Semibold.otf in Resources */,
				FE21C347293F9036001B5032 /* SF-Pro-Text-Regular.otf in Resources */,
				FE5922472940FD780083C343 /* Assets.xcassets in Resources */,
				FE5A5C4D293F80F50060CF3B /* Main.storyboard in Resources */,
			);
			runOnlyForDeploymentPostprocessing = 0;
		};
/* End PBXResourcesBuildPhase section */

/* Begin PBXShellScriptBuildPhase section */
		4842224A548585B729F34537 /* [CP] Embed Pods Frameworks */ = {
			isa = PBXShellScriptBuildPhase;
			buildActionMask = 2147483647;
			files = (
			);
			inputFileListPaths = (
				"${PODS_ROOT}/Target Support Files/Pods-VKCupMobileQual/Pods-VKCupMobileQual-frameworks-${CONFIGURATION}-input-files.xcfilelist",
			);
			name = "[CP] Embed Pods Frameworks";
			outputFileListPaths = (
				"${PODS_ROOT}/Target Support Files/Pods-VKCupMobileQual/Pods-VKCupMobileQual-frameworks-${CONFIGURATION}-output-files.xcfilelist",
			);
			runOnlyForDeploymentPostprocessing = 0;
			shellPath = /bin/sh;
			shellScript = "\"${PODS_ROOT}/Target Support Files/Pods-VKCupMobileQual/Pods-VKCupMobileQual-frameworks.sh\"\n";
			showEnvVarsInLog = 0;
		};
		80FA766EED4CC83B92268888 /* [CP] Check Pods Manifest.lock */ = {
			isa = PBXShellScriptBuildPhase;
			buildActionMask = 2147483647;
			files = (
			);
			inputFileListPaths = (
			);
			inputPaths = (
				"${PODS_PODFILE_DIR_PATH}/Podfile.lock",
				"${PODS_ROOT}/Manifest.lock",
			);
			name = "[CP] Check Pods Manifest.lock";
			outputFileListPaths = (
			);
			outputPaths = (
				"$(DERIVED_FILE_DIR)/Pods-VKCupMobileQual-checkManifestLockResult.txt",
			);
			runOnlyForDeploymentPostprocessing = 0;
			shellPath = /bin/sh;
			shellScript = "diff \"${PODS_PODFILE_DIR_PATH}/Podfile.lock\" \"${PODS_ROOT}/Manifest.lock\" > /dev/null\nif [ $? != 0 ] ; then\n    # print error to STDERR\n    echo \"error: The sandbox is not in sync with the Podfile.lock. Run 'pod install' or update your CocoaPods installation.\" >&2\n    exit 1\nfi\n# This output is used by Xcode 'outputs' to avoid re-running this script phase.\necho \"SUCCESS\" > \"${SCRIPT_OUTPUT_FILE_0}\"\n";
			showEnvVarsInLog = 0;
		};
/* End PBXShellScriptBuildPhase section */

/* Begin PBXSourcesBuildPhase section */
		FE5A5C3E293F80F50060CF3B /* Sources */ = {
			isa = PBXSourcesBuildPhase;
			buildActionMask = 2147483647;
			files = (
				FE5A5C4A293F80F50060CF3B /* TopicsViewController.swift in Sources */,
				FE5A5C46293F80F50060CF3B /* AppDelegate.swift in Sources */,
				FE5922422940EE300083C343 /* TopicsCollectionViewCell.swift in Sources */,
				FE5A5C48293F80F50060CF3B /* SceneDelegate.swift in Sources */,
			);
			runOnlyForDeploymentPostprocessing = 0;
		};
/* End PBXSourcesBuildPhase section */

/* Begin PBXVariantGroup section */
		FE5A5C4B293F80F50060CF3B /* Main.storyboard */ = {
			isa = PBXVariantGroup;
			children = (
				FE5A5C4C293F80F50060CF3B /* Base */,
			);
			name = Main.storyboard;
			sourceTree = "<group>";
		};
		FE5A5C50293F80F60060CF3B /* LaunchScreen.storyboard */ = {
			isa = PBXVariantGroup;
			children = (
				FE5A5C51293F80F60060CF3B /* Base */,
			);
			name = LaunchScreen.storyboard;
			sourceTree = "<group>";
		};
/* End PBXVariantGroup section */

/* Begin XCBuildConfiguration section */
		FE5A5C54293F80F60060CF3B /* Debug */ = {
			isa = XCBuildConfiguration;
			buildSettings = {
				ALWAYS_SEARCH_USER_PATHS = NO;
				CLANG_ANALYZER_NONNULL = YES;
				CLANG_ANALYZER_NUMBER_OBJECT_CONVERSION = YES_AGGRESSIVE;
				CLANG_CXX_LANGUAGE_STANDARD = "gnu++20";
				CLANG_ENABLE_MODULES = YES;
				CLANG_ENABLE_OBJC_ARC = YES;
				CLANG_ENABLE_OBJC_WEAK = YES;
				CLANG_WARN_BLOCK_CAPTURE_AUTORELEASING = YES;
				CLANG_WARN_BOOL_CONVERSION = YES;
				CLANG_WARN_COMMA = YES;
				CLANG_WARN_CONSTANT_CONVERSION = YES;
				CLANG_WARN_DEPRECATED_OBJC_IMPLEMENTATIONS = YES;
				CLANG_WARN_DIRECT_OBJC_ISA_USAGE = YES_ERROR;
				CLANG_WARN_DOCUMENTATION_COMMENTS = YES;
				CLANG_WARN_EMPTY_BODY = YES;
				CLANG_WARN_ENUM_CONVERSION = YES;
				CLANG_WARN_INFINITE_RECURSION = YES;
				CLANG_WARN_INT_CONVERSION = YES;
				CLANG_WARN_NON_LITERAL_NULL_CONVERSION = YES;
				CLANG_WARN_OBJC_IMPLICIT_RETAIN_SELF = YES;
				CLANG_WARN_OBJC_LITERAL_CONVERSION = YES;
				CLANG_WARN_OBJC_ROOT_CLASS = YES_ERROR;
				CLANG_WARN_QUOTED_INCLUDE_IN_FRAMEWORK_HEADER = YES;
				CLANG_WARN_RANGE_LOOP_ANALYSIS = YES;
				CLANG_WARN_STRICT_PROTOTYPES = YES;
				CLANG_WARN_SUSPICIOUS_MOVE = YES;
				CLANG_WARN_UNGUARDED_AVAILABILITY = YES_AGGRESSIVE;
				CLANG_WARN_UNREACHABLE_CODE = YES;
				CLANG_WARN__DUPLICATE_METHOD_MATCH = YES;
				COPY_PHASE_STRIP = NO;
				DEBUG_INFORMATION_FORMAT = dwarf;
				ENABLE_STRICT_OBJC_MSGSEND = YES;
				ENABLE_TESTABILITY = YES;
				GCC_C_LANGUAGE_STANDARD = gnu11;
				GCC_DYNAMIC_NO_PIC = NO;
				GCC_NO_COMMON_BLOCKS = YES;
				GCC_OPTIMIZATION_LEVEL = 0;
				GCC_PREPROCESSOR_DEFINITIONS = (
					"DEBUG=1",
					"$(inherited)",
				);
				GCC_WARN_64_TO_32_BIT_CONVERSION = YES;
				GCC_WARN_ABOUT_RETURN_TYPE = YES_ERROR;
				GCC_WARN_UNDECLARED_SELECTOR = YES;
				GCC_WARN_UNINITIALIZED_AUTOS = YES_AGGRESSIVE;
				GCC_WARN_UNUSED_FUNCTION = YES;
				GCC_WARN_UNUSED_VARIABLE = YES;
				IPHONEOS_DEPLOYMENT_TARGET = 16.1;
				MTL_ENABLE_DEBUG_INFO = INCLUDE_SOURCE;
				MTL_FAST_MATH = YES;
				ONLY_ACTIVE_ARCH = YES;
				SDKROOT = iphoneos;
				SWIFT_ACTIVE_COMPILATION_CONDITIONS = DEBUG;
				SWIFT_OPTIMIZATION_LEVEL = "-Onone";
			};
			name = Debug;
		};
		FE5A5C55293F80F60060CF3B /* Release */ = {
			isa = XCBuildConfiguration;
			buildSettings = {
				ALWAYS_SEARCH_USER_PATHS = NO;
				CLANG_ANALYZER_NONNULL = YES;
				CLANG_ANALYZER_NUMBER_OBJECT_CONVERSION = YES_AGGRESSIVE;
				CLANG_CXX_LANGUAGE_STANDARD = "gnu++20";
				CLANG_ENABLE_MODULES = YES;
				CLANG_ENABLE_OBJC_ARC = YES;
				CLANG_ENABLE_OBJC_WEAK = YES;
				CLANG_WARN_BLOCK_CAPTURE_AUTORELEASING = YES;
				CLANG_WARN_BOOL_CONVERSION = YES;
				CLANG_WARN_COMMA = YES;
				CLANG_WARN_CONSTANT_CONVERSION = YES;
				CLANG_WARN_DEPRECATED_OBJC_IMPLEMENTATIONS = YES;
				CLANG_WARN_DIRECT_OBJC_ISA_USAGE = YES_ERROR;
				CLANG_WARN_DOCUMENTATION_COMMENTS = YES;
				CLANG_WARN_EMPTY_BODY = YES;
				CLANG_WARN_ENUM_CONVERSION = YES;
				CLANG_WARN_INFINITE_RECURSION = YES;
				CLANG_WARN_INT_CONVERSION = YES;
				CLANG_WARN_NON_LITERAL_NULL_CONVERSION = YES;
				CLANG_WARN_OBJC_IMPLICIT_RETAIN_SELF = YES;
				CLANG_WARN_OBJC_LITERAL_CONVERSION = YES;
				CLANG_WARN_OBJC_ROOT_CLASS = YES_ERROR;
				CLANG_WARN_QUOTED_INCLUDE_IN_FRAMEWORK_HEADER = YES;
				CLANG_WARN_RANGE_LOOP_ANALYSIS = YES;
				CLANG_WARN_STRICT_PROTOTYPES = YES;
				CLANG_WARN_SUSPICIOUS_MOVE = YES;
				CLANG_WARN_UNGUARDED_AVAILABILITY = YES_AGGRESSIVE;
				CLANG_WARN_UNREACHABLE_CODE = YES;
				CLANG_WARN__DUPLICATE_METHOD_MATCH = YES;
				COPY_PHASE_STRIP = NO;
				DEBUG_INFORMATION_FORMAT = "dwarf-with-dsym";
				ENABLE_NS_ASSERTIONS = NO;
				ENABLE_STRICT_OBJC_MSGSEND = YES;
				GCC_C_LANGUAGE_STANDARD = gnu11;
				GCC_NO_COMMON_BLOCKS = YES;
				GCC_WARN_64_TO_32_BIT_CONVERSION = YES;
				GCC_WARN_ABOUT_RETURN_TYPE = YES_ERROR;
				GCC_WARN_UNDECLARED_SELECTOR = YES;
				GCC_WARN_UNINITIALIZED_AUTOS = YES_AGGRESSIVE;
				GCC_WARN_UNUSED_FUNCTION = YES;
				GCC_WARN_UNUSED_VARIABLE = YES;
				IPHONEOS_DEPLOYMENT_TARGET = 16.1;
				MTL_ENABLE_DEBUG_INFO = NO;
				MTL_FAST_MATH = YES;
				SDKROOT = iphoneos;
				SWIFT_COMPILATION_MODE = wholemodule;
				SWIFT_OPTIMIZATION_LEVEL = "-O";
				VALIDATE_PRODUCT = YES;
			};
			name = Release;
		};
		FE5A5C57293F80F60060CF3B /* Debug */ = {
			isa = XCBuildConfiguration;
			baseConfigurationReference = F78E2520D3E2FDCE6274ED87 /* Pods-VKCupMobileQual.debug.xcconfig */;
			buildSettings = {
				ASSETCATALOG_COMPILER_APPICON_NAME = AppIcon;
				ASSETCATALOG_COMPILER_GLOBAL_ACCENT_COLOR_NAME = AccentColor;
				CODE_SIGN_STYLE = Automatic;
				CURRENT_PROJECT_VERSION = 1;
				DEVELOPMENT_TEAM = 767DT3Q3RN;
				GENERATE_INFOPLIST_FILE = YES;
				INFOPLIST_FILE = VKCupMobileQual/Info.plist;
				INFOPLIST_KEY_UIApplicationSupportsIndirectInputEvents = YES;
				INFOPLIST_KEY_UILaunchStoryboardName = LaunchScreen;
				INFOPLIST_KEY_UIMainStoryboardFile = Main;
				INFOPLIST_KEY_UISupportedInterfaceOrientations_iPad = "UIInterfaceOrientationPortrait UIInterfaceOrientationPortraitUpsideDown UIInterfaceOrientationLandscapeLeft UIInterfaceOrientationLandscapeRight";
				INFOPLIST_KEY_UISupportedInterfaceOrientations_iPhone = "UIInterfaceOrientationPortrait UIInterfaceOrientationLandscapeLeft UIInterfaceOrientationLandscapeRight";
				IPHONEOS_DEPLOYMENT_TARGET = 15.0;
				LD_RUNPATH_SEARCH_PATHS = (
					"$(inherited)",
					"@executable_path/Frameworks",
				);
				MARKETING_VERSION = 1.0;
				PRODUCT_BUNDLE_IDENTIFIER = com.postnikova.VKCupMobileQual;
				PRODUCT_NAME = "$(TARGET_NAME)";
				SWIFT_EMIT_LOC_STRINGS = YES;
				SWIFT_VERSION = 5.0;
				TARGETED_DEVICE_FAMILY = "1,2";
			};
			name = Debug;
		};
		FE5A5C58293F80F60060CF3B /* Release */ = {
			isa = XCBuildConfiguration;
			baseConfigurationReference = 5C9F25B56EB11352B751EBAC /* Pods-VKCupMobileQual.release.xcconfig */;
			buildSettings = {
				ASSETCATALOG_COMPILER_APPICON_NAME = AppIcon;
				ASSETCATALOG_COMPILER_GLOBAL_ACCENT_COLOR_NAME = AccentColor;
				CODE_SIGN_STYLE = Automatic;
				CURRENT_PROJECT_VERSION = 1;
				DEVELOPMENT_TEAM = 767DT3Q3RN;
				GENERATE_INFOPLIST_FILE = YES;
				INFOPLIST_FILE = VKCupMobileQual/Info.plist;
				INFOPLIST_KEY_UIApplicationSupportsIndirectInputEvents = YES;
				INFOPLIST_KEY_UILaunchStoryboardName = LaunchScreen;
				INFOPLIST_KEY_UIMainStoryboardFile = Main;
				INFOPLIST_KEY_UISupportedInterfaceOrientations_iPad = "UIInterfaceOrientationPortrait UIInterfaceOrientationPortraitUpsideDown UIInterfaceOrientationLandscapeLeft UIInterfaceOrientationLandscapeRight";
				INFOPLIST_KEY_UISupportedInterfaceOrientations_iPhone = "UIInterfaceOrientationPortrait UIInterfaceOrientationLandscapeLeft UIInterfaceOrientationLandscapeRight";
				IPHONEOS_DEPLOYMENT_TARGET = 15.0;
				LD_RUNPATH_SEARCH_PATHS = (
					"$(inherited)",
					"@executable_path/Frameworks",
				);
				MARKETING_VERSION = 1.0;
				PRODUCT_BUNDLE_IDENTIFIER = com.postnikova.VKCupMobileQual;
				PRODUCT_NAME = "$(TARGET_NAME)";
				SWIFT_EMIT_LOC_STRINGS = YES;
				SWIFT_VERSION = 5.0;
				TARGETED_DEVICE_FAMILY = "1,2";
			};
			name = Release;
		};
/* End XCBuildConfiguration section */

/* Begin XCConfigurationList section */
		FE5A5C3D293F80F50060CF3B /* Build configuration list for PBXProject "VKCupMobileQual" */ = {
			isa = XCConfigurationList;
			buildConfigurations = (
				FE5A5C54293F80F60060CF3B /* Debug */,
				FE5A5C55293F80F60060CF3B /* Release */,
			);
			defaultConfigurationIsVisible = 0;
			defaultConfigurationName = Release;
		};
		FE5A5C56293F80F60060CF3B /* Build configuration list for PBXNativeTarget "VKCupMobileQual" */ = {
			isa = XCConfigurationList;
			buildConfigurations = (
				FE5A5C57293F80F60060CF3B /* Debug */,
				FE5A5C58293F80F60060CF3B /* Release */,
			);
			defaultConfigurationIsVisible = 0;
			defaultConfigurationName = Release;
		};
/* End XCConfigurationList section */
	};
	rootObject = FE5A5C3A293F80F50060CF3B /* Project object */;
}
